
Microsoft Visual Studio Solution File, Format Version 12.00
# Visual Studio Version 16
VisualStudioVersion = 16.0.31402.337
MinimumVisualStudioVersion = 10.0.40219.1
Project("{FAE04EC0-301F-11D3-BF4B-00C04F79EFBC}") = "SQLChallenges", "SQLChallenges\SQLChallenges.csproj", "{999B2EF4-8892-4CE0-BA56-515EE8FCF46E}"
EndProject
Global
	GlobalSection(SolutionConfigurationPlatforms) = preSolution
		Debug|Any CPU = Debug|Any CPU
		Release|Any CPU = Release|Any CPU
	EndGlobalSection
	GlobalSection(ProjectConfigurationPlatforms) = postSolution
		{999B2EF4-8892-4CE0-BA56-515EE8FCF46E}.Debug|Any CPU.ActiveCfg = Debug|Any CPU
		{999B2EF4-8892-4CE0-BA56-515EE8FCF46E}.Debug|Any CPU.Build.0 = Debug|Any CPU
		{999B2EF4-8892-4CE0-BA56-515EE8FCF46E}.Release|Any CPU.ActiveCfg = Release|Any CPU
		{999B2EF4-8892-4CE0-BA56-515EE8FCF46E}.Release|Any CPU.Build.0 = Release|Any CPU
	EndGlobalSection
	GlobalSection(SolutionProperties) = preSolution
		HideSolutionNode = FALSE
	EndGlobalSection
	GlobalSection(ExtensibilityGlobals) = postSolution
		SolutionGuid = {9C4FAA29-47BA-4C49-9D04-3D81CC3FBDE3}
	EndGlobalSection
EndGlobal
